
Microsoft Visual Studio Solution File, Format Version 12.00
# Visual Studio Version 16
VisualStudioVersion = 16.0.32901.82
MinimumVisualStudioVersion = 10.0.40219.1
Project("{FAE04EC0-301F-11D3-BF4B-00C04F79EFBC}") = "TestPlugin2", "TestPlugin2\TestPlugin2.csproj", "{48B12477-10C2-4335-90E7-3E2FAD35920D}"
EndProject
Global
	GlobalSection(SolutionConfigurationPlatforms) = preSolution
		Debug|Any CPU = Debug|Any CPU
		Debug|x64 = Debug|x64
		Release|Any CPU = Release|Any CPU
		Release|x64 = Release|x64
	EndGlobalSection
	GlobalSection(ProjectConfigurationPlatforms) = postSolution
		{48B12477-10C2-4335-90E7-3E2FAD35920D}.Debug|Any CPU.ActiveCfg = Debug|Any CPU
		{48B12477-10C2-4335-90E7-3E2FAD35920D}.Debug|Any CPU.Build.0 = Debug|Any CPU
		{48B12477-10C2-4335-90E7-3E2FAD35920D}.Debug|x64.ActiveCfg = Debug|x64
		{48B12477-10C2-4335-90E7-3E2FAD35920D}.Debug|x64.Build.0 = Debug|x64
		{48B12477-10C2-4335-90E7-3E2FAD35920D}.Release|Any CPU.ActiveCfg = Release|Any CPU
		{48B12477-10C2-4335-90E7-3E2FAD35920D}.Release|Any CPU.Build.0 = Release|Any CPU
		{48B12477-10C2-4335-90E7-3E2FAD35920D}.Release|x64.ActiveCfg = Release|x64
		{48B12477-10C2-4335-90E7-3E2FAD35920D}.Release|x64.Build.0 = Release|x64
	EndGlobalSection
	GlobalSection(SolutionProperties) = preSolution
		HideSolutionNode = FALSE
	EndGlobalSection
	GlobalSection(ExtensibilityGlobals) = postSolution
		SolutionGuid = {2AA1015C-DDF4-4479-92D9-BA794DFEA100}
	EndGlobalSection
EndGlobal
